
Microsoft Visual Studio Solution File, Format Version 12.00
# Visual Studio 14
VisualStudioVersion = 14.0.22512.0
MinimumVisualStudioVersion = 10.0.40219.1
Project("{2150E333-8FDC-42A3-9474-1A3956D46DE8}") = "src", "src", "{C1AEF307-DEDB-44D9-8BEB-B0B9BA2D5247}"
EndProject
Project("{2150E333-8FDC-42A3-9474-1A3956D46DE8}") = "Solution Items", "Solution Items", "{A4AA894C-32BF-4F2E-A4BA-A20362711935}"
	ProjectSection(SolutionItems) = preProject
		global.json = global.json
	EndProjectSection
	ProjectSection(FolderGlobals) = preProject
		global_1json__JSONSchema = http://json.schemastore.org/global
	EndProjectSection
EndProject
Project("{8BB2217D-0F2D-49D1-97BC-3654ED321F3B}") = "Persistence", "src\Persistence\Persistence.kproj", "{771079F1-FC9D-4175-B493-A22FE298AE63}"
EndProject
Project("{8BB2217D-0F2D-49D1-97BC-3654ED321F3B}") = "Web.Public", "src\Web.Public\Web.Public.kproj", "{72BE657E-3294-4610-8CD3-174A36F249D6}"
EndProject
Global
	GlobalSection(SolutionConfigurationPlatforms) = preSolution
		Debug|Any CPU = Debug|Any CPU
		Release|Any CPU = Release|Any CPU
	EndGlobalSection
	GlobalSection(ProjectConfigurationPlatforms) = postSolution
		{771079F1-FC9D-4175-B493-A22FE298AE63}.Debug|Any CPU.ActiveCfg = Debug|Any CPU
		{771079F1-FC9D-4175-B493-A22FE298AE63}.Debug|Any CPU.Build.0 = Debug|Any CPU
		{771079F1-FC9D-4175-B493-A22FE298AE63}.Release|Any CPU.ActiveCfg = Release|Any CPU
		{771079F1-FC9D-4175-B493-A22FE298AE63}.Release|Any CPU.Build.0 = Release|Any CPU
		{72BE657E-3294-4610-8CD3-174A36F249D6}.Debug|Any CPU.ActiveCfg = Debug|Any CPU
		{72BE657E-3294-4610-8CD3-174A36F249D6}.Debug|Any CPU.Build.0 = Debug|Any CPU
		{72BE657E-3294-4610-8CD3-174A36F249D6}.Release|Any CPU.ActiveCfg = Release|Any CPU
		{72BE657E-3294-4610-8CD3-174A36F249D6}.Release|Any CPU.Build.0 = Release|Any CPU
	EndGlobalSection
	GlobalSection(SolutionProperties) = preSolution
		HideSolutionNode = FALSE
	EndGlobalSection
	GlobalSection(NestedProjects) = preSolution
		{771079F1-FC9D-4175-B493-A22FE298AE63} = {C1AEF307-DEDB-44D9-8BEB-B0B9BA2D5247}
		{72BE657E-3294-4610-8CD3-174A36F249D6} = {C1AEF307-DEDB-44D9-8BEB-B0B9BA2D5247}
	EndGlobalSection
EndGlobal
